
Microsoft Visual Studio Solution File, Format Version 12.00
# Visual Studio 15
VisualStudioVersion = 15.0.27428.2005
MinimumVisualStudioVersion = 10.0.40219.1
Project("{FAE04EC0-301F-11D3-BF4B-00C04F79EFBC}") = "WpfApp", "WpfApp\WpfApp.csproj", "{594ABCC5-70FF-4D5E-A2A1-048EECC90F5E}"
EndProject
Project("{FAE04EC0-301F-11D3-BF4B-00C04F79EFBC}") = "Services", "Services\Services.csproj", "{0F5D8816-0461-4C7E-A3B9-CBAA010F2033}"
EndProject
Project("{FAE04EC0-301F-11D3-BF4B-00C04F79EFBC}") = "DataAccess", "DataAccess\DataAccess.csproj", "{D78BFC72-D77A-450D-934D-D23DBDAC5BEB}"
EndProject
Global
	GlobalSection(SolutionConfigurationPlatforms) = preSolution
		Debug|Any CPU = Debug|Any CPU
		Release|Any CPU = Release|Any CPU
	EndGlobalSection
	GlobalSection(ProjectConfigurationPlatforms) = postSolution
		{594ABCC5-70FF-4D5E-A2A1-048EECC90F5E}.Debug|Any CPU.ActiveCfg = Debug|Any CPU
		{594ABCC5-70FF-4D5E-A2A1-048EECC90F5E}.Debug|Any CPU.Build.0 = Debug|Any CPU
		{594ABCC5-70FF-4D5E-A2A1-048EECC90F5E}.Release|Any CPU.ActiveCfg = Release|Any CPU
		{594ABCC5-70FF-4D5E-A2A1-048EECC90F5E}.Release|Any CPU.Build.0 = Release|Any CPU
		{0F5D8816-0461-4C7E-A3B9-CBAA010F2033}.Debug|Any CPU.ActiveCfg = Debug|Any CPU
		{0F5D8816-0461-4C7E-A3B9-CBAA010F2033}.Debug|Any CPU.Build.0 = Debug|Any CPU
		{0F5D8816-0461-4C7E-A3B9-CBAA010F2033}.Release|Any CPU.ActiveCfg = Release|Any CPU
		{0F5D8816-0461-4C7E-A3B9-CBAA010F2033}.Release|Any CPU.Build.0 = Release|Any CPU
		{D78BFC72-D77A-450D-934D-D23DBDAC5BEB}.Debug|Any CPU.ActiveCfg = Debug|Any CPU
		{D78BFC72-D77A-450D-934D-D23DBDAC5BEB}.Debug|Any CPU.Build.0 = Debug|Any CPU
		{D78BFC72-D77A-450D-934D-D23DBDAC5BEB}.Release|Any CPU.ActiveCfg = Release|Any CPU
		{D78BFC72-D77A-450D-934D-D23DBDAC5BEB}.Release|Any CPU.Build.0 = Release|Any CPU
	EndGlobalSection
	GlobalSection(SolutionProperties) = preSolution
		HideSolutionNode = FALSE
	EndGlobalSection
	GlobalSection(ExtensibilityGlobals) = postSolution
		SolutionGuid = {8BEF2AA4-5E5D-4D8A-BB69-0BDEB000FDFE}
	EndGlobalSection
EndGlobal
